// !$*UTF8*$!
{
	archiveVersion = 1;
	classes = {
	};
	objectVersion = 46;
	objects = {

/* Begin PBXBuildFile section */
		AB16610717282B1900D33CAC /* MapTrackerViewController.m in Sources */ = {isa = PBXBuildFile; fileRef = AB16610617282B1900D33CAC /* MapTrackerViewController.m */; };
		ABA994131727793F00C5B6C4 /* UIKit.framework in Frameworks */ = {isa = PBXBuildFile; fileRef = ABA994121727793F00C5B6C4 /* UIKit.framework */; };
		ABA994151727793F00C5B6C4 /* Foundation.framework in Frameworks */ = {isa = PBXBuildFile; fileRef = ABA994141727793F00C5B6C4 /* Foundation.framework */; };
		ABA994171727793F00C5B6C4 /* CoreGraphics.framework in Frameworks */ = {isa = PBXBuildFile; fileRef = ABA994161727793F00C5B6C4 /* CoreGraphics.framework */; };
		ABA9941D1727794000C5B6C4 /* InfoPlist.strings in Resources */ = {isa = PBXBuildFile; fileRef = ABA9941B1727794000C5B6C4 /* InfoPlist.strings */; };
		ABA9941F1727794000C5B6C4 /* main.m in Sources */ = {isa = PBXBuildFile; fileRef = ABA9941E1727794000C5B6C4 /* main.m */; };
		ABA994231727794000C5B6C4 /* AppDelegate.m in Sources */ = {isa = PBXBuildFile; fileRef = ABA994221727794000C5B6C4 /* AppDelegate.m */; };
		ABA994251727794000C5B6C4 /* Default.png in Resources */ = {isa = PBXBuildFile; fileRef = ABA994241727794000C5B6C4 /* Default.png */; };
		ABA994271727794000C5B6C4 /* Default@2x.png in Resources */ = {isa = PBXBuildFile; fileRef = ABA994261727794000C5B6C4 /* Default@2x.png */; };
		ABA994291727794000C5B6C4 /* Default-568h@2x.png in Resources */ = {isa = PBXBuildFile; fileRef = ABA994281727794000C5B6C4 /* Default-568h@2x.png */; };
		ABA99430172779D500C5B6C4 /* MapKit.framework in Frameworks */ = {isa = PBXBuildFile; fileRef = ABA9942F172779D500C5B6C4 /* MapKit.framework */; };
		ABA9943317277BDB00C5B6C4 /* MapItemTableViewController.m in Sources */ = {isa = PBXBuildFile; fileRef = ABA9943217277BDB00C5B6C4 /* MapItemTableViewController.m */; };
		ABA9943617277DA700C5B6C4 /* MapItemDetailViewController.m in Sources */ = {isa = PBXBuildFile; fileRef = ABA9943517277DA700C5B6C4 /* MapItemDetailViewController.m */; };
		ABA994381727814100C5B6C4 /* CoreLocation.framework in Frameworks */ = {isa = PBXBuildFile; fileRef = ABA994371727814100C5B6C4 /* CoreLocation.framework */; };
		ABA9943B17278E4200C5B6C4 /* MapViewController.m in Sources */ = {isa = PBXBuildFile; fileRef = ABA9943A17278E4200C5B6C4 /* MapViewController.m */; };
		ABA9943E1727974900C5B6C4 /* MyAnno.m in Sources */ = {isa = PBXBuildFile; fileRef = ABA9943D1727974900C5B6C4 /* MyAnno.m */; };
		ABF891221728484B00BBA59C /* GeocodingViewController.m in Sources */ = {isa = PBXBuildFile; fileRef = ABF891211728484B00BBA59C /* GeocodingViewController.m */; };
		ABF8912A17286A1200BBA59C /* MapDemo-icon@2x.png in Resources */ = {isa = PBXBuildFile; fileRef = ABF8912917286A1200BBA59C /* MapDemo-icon@2x.png */; };
		ABF8912C17286A6500BBA59C /* MapDemo-icon.png in Resources */ = {isa = PBXBuildFile; fileRef = ABF8912B17286A6500BBA59C /* MapDemo-icon.png */; };
/* End PBXBuildFile section */

/* Begin PBXFileReference section */
		AB16610517282B1900D33CAC /* MapTrackerViewController.h */ = {isa = PBXFileReference; fileEncoding = 4; lastKnownFileType = sourcecode.c.h; path = MapTrackerViewController.h; sourceTree = "<group>"; };
		AB16610617282B1900D33CAC /* MapTrackerViewController.m */ = {isa = PBXFileReference; fileEncoding = 4; lastKnownFileType = sourcecode.c.objc; path = MapTrackerViewController.m; sourceTree = "<group>"; };
		ABA9940F1727793F00C5B6C4 /* MapDemo.app */ = {isa = PBXFileReference; explicitFileType = wrapper.application; includeInIndex = 0; path = MapDemo.app; sourceTree = BUILT_PRODUCTS_DIR; };
		ABA994121727793F00C5B6C4 /* UIKit.framework */ = {isa = PBXFileReference; lastKnownFileType = wrapper.framework; name = UIKit.framework; path = System/Library/Frameworks/UIKit.framework; sourceTree = SDKROOT; };
		ABA994141727793F00C5B6C4 /* Foundation.framework */ = {isa = PBXFileReference; lastKnownFileType = wrapper.framework; name = Foundation.framework; path = System/Library/Frameworks/Foundation.framework; sourceTree = SDKROOT; };
		ABA994161727793F00C5B6C4 /* CoreGraphics.framework */ = {isa = PBXFileReference; lastKnownFileType = wrapper.framework; name = CoreGraphics.framework; path = System/Library/Frameworks/CoreGraphics.framework; sourceTree = SDKROOT; };
		ABA9941A1727794000C5B6C4 /* MapDemo-Info.plist */ = {isa = PBXFileReference; lastKnownFileType = text.plist.xml; path = "MapDemo-Info.plist"; sourceTree = "<group>"; };
		ABA9941C1727794000C5B6C4 /* en */ = {isa = PBXFileReference; lastKnownFileType = text.plist.strings; name = en; path = en.lproj/InfoPlist.strings; sourceTree = "<group>"; };
		ABA9941E1727794000C5B6C4 /* main.m */ = {isa = PBXFileReference; lastKnownFileType = sourcecode.c.objc; path = main.m; sourceTree = "<group>"; };
		ABA994201727794000C5B6C4 /* MapDemo-Prefix.pch */ = {isa = PBXFileReference; lastKnownFileType = sourcecode.c.h; path = "MapDemo-Prefix.pch"; sourceTree = "<group>"; };
		ABA994211727794000C5B6C4 /* AppDelegate.h */ = {isa = PBXFileReference; lastKnownFileType = sourcecode.c.h; path = AppDelegate.h; sourceTree = "<group>"; };
		ABA994221727794000C5B6C4 /* AppDelegate.m */ = {isa = PBXFileReference; lastKnownFileType = sourcecode.c.objc; path = AppDelegate.m; sourceTree = "<group>"; };
		ABA994241727794000C5B6C4 /* Default.png */ = {isa = PBXFileReference; lastKnownFileType = image.png; path = Default.png; sourceTree = "<group>"; };
		ABA994261727794000C5B6C4 /* Default@2x.png */ = {isa = PBXFileReference; lastKnownFileType = image.png; path = "Default@2x.png"; sourceTree = "<group>"; };
		ABA994281727794000C5B6C4 /* Default-568h@2x.png */ = {isa = PBXFileReference; lastKnownFileType = image.png; path = "Default-568h@2x.png"; sourceTree = "<group>"; };
		ABA9942F172779D500C5B6C4 /* MapKit.framework */ = {isa = PBXFileReference; lastKnownFileType = wrapper.framework; name = MapKit.framework; path = System/Library/Frameworks/MapKit.framework; sourceTree = SDKROOT; };
		ABA9943117277BDB00C5B6C4 /* MapItemTableViewController.h */ = {isa = PBXFileReference; fileEncoding = 4; lastKnownFileType = sourcecode.c.h; path = MapItemTableViewController.h; sourceTree = "<group>"; };
		ABA9943217277BDB00C5B6C4 /* MapItemTableViewController.m */ = {isa = PBXFileReference; fileEncoding = 4; lastKnownFileType = sourcecode.c.objc; path = MapItemTableViewController.m; sourceTree = "<group>"; };
		ABA9943417277DA700C5B6C4 /* MapItemDetailViewController.h */ = {isa = PBXFileReference; fileEncoding = 4; lastKnownFileType = sourcecode.c.h; path = MapItemDetailViewController.h; sourceTree = "<group>"; };
		ABA9943517277DA700C5B6C4 /* MapItemDetailViewController.m */ = {isa = PBXFileReference; fileEncoding = 4; lastKnownFileType = sourcecode.c.objc; path = MapItemDetailViewController.m; sourceTree = "<group>"; };
		ABA994371727814100C5B6C4 /* CoreLocation.framework */ = {isa = PBXFileReference; lastKnownFileType = wrapper.framework; name = CoreLocation.framework; path = System/Library/Frameworks/CoreLocation.framework; sourceTree = SDKROOT; };
		ABA9943917278E4200C5B6C4 /* MapViewController.h */ = {isa = PBXFileReference; fileEncoding = 4; lastKnownFileType = sourcecode.c.h; path = MapViewController.h; sourceTree = "<group>"; };
		ABA9943A17278E4200C5B6C4 /* MapViewController.m */ = {isa = PBXFileReference; fileEncoding = 4; lastKnownFileType = sourcecode.c.objc; path = MapViewController.m; sourceTree = "<group>"; };
		ABA9943C1727974900C5B6C4 /* MyAnno.h */ = {isa = PBXFileReference; fileEncoding = 4; lastKnownFileType = sourcecode.c.h; path = MyAnno.h; sourceTree = "<group>"; };
		ABA9943D1727974900C5B6C4 /* MyAnno.m */ = {isa = PBXFileReference; fileEncoding = 4; lastKnownFileType = sourcecode.c.objc; path = MyAnno.m; sourceTree = "<group>"; };
		ABF891201728484B00BBA59C /* GeocodingViewController.h */ = {isa = PBXFileReference; fileEncoding = 4; lastKnownFileType = sourcecode.c.h; path = GeocodingViewController.h; sourceTree = "<group>"; };
		ABF891211728484B00BBA59C /* GeocodingViewController.m */ = {isa = PBXFileReference; fileEncoding = 4; lastKnownFileType = sourcecode.c.objc; path = GeocodingViewController.m; sourceTree = "<group>"; };
		ABF8912917286A1200BBA59C /* MapDemo-icon@2x.png */ = {isa = PBXFileReference; lastKnownFileType = image.png; path = "MapDemo-icon@2x.png"; sourceTree = SOURCE_ROOT; };
		ABF8912B17286A6500BBA59C /* MapDemo-icon.png */ = {isa = PBXFileReference; lastKnownFileType = image.png; path = "MapDemo-icon.png"; sourceTree = SOURCE_ROOT; };
/* End PBXFileReference section */

/* Begin PBXFrameworksBuildPhase section */
		ABA9940C1727793F00C5B6C4 /* Frameworks */ = {
			isa = PBXFrameworksBuildPhase;
			buildActionMask = 2147483647;
			files = (
				ABA99430172779D500C5B6C4 /* MapKit.framework in Frameworks */,
				ABA994131727793F00C5B6C4 /* UIKit.framework in Frameworks */,
				ABA994151727793F00C5B6C4 /* Foundation.framework in Frameworks */,
				ABA994171727793F00C5B6C4 /* CoreGraphics.framework in Frameworks */,
				ABA994381727814100C5B6C4 /* CoreLocation.framework in Frameworks */,
			);
			runOnlyForDeploymentPostprocessing = 0;
		};
/* End PBXFrameworksBuildPhase section */

/* Begin PBXGroup section */
		ABA994061727793F00C5B6C4 = {
			isa = PBXGroup;
			children = (
				ABA994181727794000C5B6C4 /* MapDemo */,
				ABA994111727793F00C5B6C4 /* Frameworks */,
				ABA994101727793F00C5B6C4 /* Products */,
			);
			sourceTree = "<group>";
		};
		ABA994101727793F00C5B6C4 /* Products */ = {
			isa = PBXGroup;
			children = (
				ABA9940F1727793F00C5B6C4 /* MapDemo.app */,
			);
			name = Products;
			sourceTree = "<group>";
		};
		ABA994111727793F00C5B6C4 /* Frameworks */ = {
			isa = PBXGroup;
			children = (
				ABA994371727814100C5B6C4 /* CoreLocation.framework */,
				ABA9942F172779D500C5B6C4 /* MapKit.framework */,
				ABA994121727793F00C5B6C4 /* UIKit.framework */,
				ABA994141727793F00C5B6C4 /* Foundation.framework */,
				ABA994161727793F00C5B6C4 /* CoreGraphics.framework */,
			);
			name = Frameworks;
			sourceTree = "<group>";
		};
		ABA994181727794000C5B6C4 /* MapDemo */ = {
			isa = PBXGroup;
			children = (
				ABA994211727794000C5B6C4 /* AppDelegate.h */,
				ABA994221727794000C5B6C4 /* AppDelegate.m */,
				ABA9943117277BDB00C5B6C4 /* MapItemTableViewController.h */,
				ABA9943217277BDB00C5B6C4 /* MapItemTableViewController.m */,
				ABA9943417277DA700C5B6C4 /* MapItemDetailViewController.h */,
				ABA9943517277DA700C5B6C4 /* MapItemDetailViewController.m */,
				ABA9943917278E4200C5B6C4 /* MapViewController.h */,
				ABA9943A17278E4200C5B6C4 /* MapViewController.m */,
				AB16610517282B1900D33CAC /* MapTrackerViewController.h */,
				AB16610617282B1900D33CAC /* MapTrackerViewController.m */,
				ABF891201728484B00BBA59C /* GeocodingViewController.h */,
				ABF891211728484B00BBA59C /* GeocodingViewController.m */,
				ABA9943C1727974900C5B6C4 /* MyAnno.h */,
				ABA9943D1727974900C5B6C4 /* MyAnno.m */,
				ABA994191727794000C5B6C4 /* Supporting Files */,
			);
			path = MapDemo;
			sourceTree = "<group>";
		};
		ABA994191727794000C5B6C4 /* Supporting Files */ = {
			isa = PBXGroup;
			children = (
				ABF8912B17286A6500BBA59C /* MapDemo-icon.png */,
				ABF8912917286A1200BBA59C /* MapDemo-icon@2x.png */,
				ABA9941A1727794000C5B6C4 /* MapDemo-Info.plist */,
				ABA9941B1727794000C5B6C4 /* InfoPlist.strings */,
				ABA9941E1727794000C5B6C4 /* main.m */,
				ABA994201727794000C5B6C4 /* MapDemo-Prefix.pch */,
				ABA994241727794000C5B6C4 /* Default.png */,
				ABA994261727794000C5B6C4 /* Default@2x.png */,
				ABA994281727794000C5B6C4 /* Default-568h@2x.png */,
			);
			name = "Supporting Files";
			sourceTree = "<group>";
		};
/* End PBXGroup section */

/* Begin PBXNativeTarget section */
		ABA9940E1727793F00C5B6C4 /* MapDemo */ = {
			isa = PBXNativeTarget;
			buildConfigurationList = ABA9942C1727794000C5B6C4 /* Build configuration list for PBXNativeTarget "MapDemo" */;
			buildPhases = (
				ABA9940B1727793F00C5B6C4 /* Sources */,
				ABA9940C1727793F00C5B6C4 /* Frameworks */,
				ABA9940D1727793F00C5B6C4 /* Resources */,
			);
			buildRules = (
			);
			dependencies = (
			);
			name = MapDemo;
			productName = MapDemo;
			productReference = ABA9940F1727793F00C5B6C4 /* MapDemo.app */;
			productType = "com.apple.product-type.application";
		};
/* End PBXNativeTarget section */

/* Begin PBXProject section */
		ABA994071727793F00C5B6C4 /* Project object */ = {
			isa = PBXProject;
			attributes = {
				LastUpgradeCheck = 0460;
				ORGANIZATIONNAME = "Code School";
			};
			buildConfigurationList = ABA9940A1727793F00C5B6C4 /* Build configuration list for PBXProject "MapDemo" */;
			compatibilityVersion = "Xcode 3.2";
			developmentRegion = English;
			hasScannedForEncodings = 0;
			knownRegions = (
				en,
			);
			mainGroup = ABA994061727793F00C5B6C4;
			productRefGroup = ABA994101727793F00C5B6C4 /* Products */;
			projectDirPath = "";
			projectRoot = "";
			targets = (
				ABA9940E1727793F00C5B6C4 /* MapDemo */,
			);
		};
/* End PBXProject section */

/* Begin PBXResourcesBuildPhase section */
		ABA9940D1727793F00C5B6C4 /* Resources */ = {
			isa = PBXResourcesBuildPhase;
			buildActionMask = 2147483647;
			files = (
				ABA9941D1727794000C5B6C4 /* InfoPlist.strings in Resources */,
				ABA994251727794000C5B6C4 /* Default.png in Resources */,
				ABA994271727794000C5B6C4 /* Default@2x.png in Resources */,
				ABA994291727794000C5B6C4 /* Default-568h@2x.png in Resources */,
				ABF8912A17286A1200BBA59C /* MapDemo-icon@2x.png in Resources */,
				ABF8912C17286A6500BBA59C /* MapDemo-icon.png in Resources */,
			);
			runOnlyForDeploymentPostprocessing = 0;
		};
/* End PBXResourcesBuildPhase section */

/* Begin PBXSourcesBuildPhase section */
		ABA9940B1727793F00C5B6C4 /* Sources */ = {
			isa = PBXSourcesBuildPhase;
			buildActionMask = 2147483647;
			files = (
				ABA9941F1727794000C5B6C4 /* main.m in Sources */,
				ABA994231727794000C5B6C4 /* AppDelegate.m in Sources */,
				ABA9943317277BDB00C5B6C4 /* MapItemTableViewController.m in Sources */,
				ABA9943617277DA700C5B6C4 /* MapItemDetailViewController.m in Sources */,
				ABA9943B17278E4200C5B6C4 /* MapViewController.m in Sources */,
				ABA9943E1727974900C5B6C4 /* MyAnno.m in Sources */,
				AB16610717282B1900D33CAC /* MapTrackerViewController.m in Sources */,
				ABF891221728484B00BBA59C /* GeocodingViewController.m in Sources */,
			);
			runOnlyForDeploymentPostprocessing = 0;
		};
/* End PBXSourcesBuildPhase section */

/* Begin PBXVariantGroup section */
		ABA9941B1727794000C5B6C4 /* InfoPlist.strings */ = {
			isa = PBXVariantGroup;
			children = (
				ABA9941C1727794000C5B6C4 /* en */,
			);
			name = InfoPlist.strings;
			sourceTree = "<group>";
		};
/* End PBXVariantGroup section */

/* Begin XCBuildConfiguration section */
		ABA9942A1727794000C5B6C4 /* Debug */ = {
			isa = XCBuildConfiguration;
			buildSettings = {
				ALWAYS_SEARCH_USER_PATHS = NO;
				CLANG_CXX_LANGUAGE_STANDARD = "gnu++0x";
				CLANG_CXX_LIBRARY = "libc++";
				CLANG_ENABLE_OBJC_ARC = YES;
				CLANG_WARN_CONSTANT_CONVERSION = YES;
				CLANG_WARN_EMPTY_BODY = YES;
				CLANG_WARN_ENUM_CONVERSION = YES;
				CLANG_WARN_INT_CONVERSION = YES;
				CLANG_WARN__DUPLICATE_METHOD_MATCH = YES;
				"CODE_SIGN_IDENTITY[sdk=iphoneos*]" = "iPhone Developer";
				COPY_PHASE_STRIP = NO;
				GCC_C_LANGUAGE_STANDARD = gnu99;
				GCC_DYNAMIC_NO_PIC = NO;
				GCC_OPTIMIZATION_LEVEL = 0;
				GCC_PREPROCESSOR_DEFINITIONS = (
					"DEBUG=1",
					"$(inherited)",
				);
				GCC_SYMBOLS_PRIVATE_EXTERN = NO;
				GCC_WARN_ABOUT_RETURN_TYPE = YES;
				GCC_WARN_UNINITIALIZED_AUTOS = YES;
				GCC_WARN_UNUSED_VARIABLE = YES;
				IPHONEOS_DEPLOYMENT_TARGET = 6.1;
				ONLY_ACTIVE_ARCH = YES;
				SDKROOT = iphoneos;
			};
			name = Debug;
		};
		ABA9942B1727794000C5B6C4 /* Release */ = {
			isa = XCBuildConfiguration;
			buildSettings = {
				ALWAYS_SEARCH_USER_PATHS = NO;
				CLANG_CXX_LANGUAGE_STANDARD = "gnu++0x";
				CLANG_CXX_LIBRARY = "libc++";
				CLANG_ENABLE_OBJC_ARC = YES;
				CLANG_WARN_CONSTANT_CONVERSION = YES;
				CLANG_WARN_EMPTY_BODY = YES;
				CLANG_WARN_ENUM_CONVERSION = YES;
				CLANG_WARN_INT_CONVERSION = YES;
				CLANG_WARN__DUPLICATE_METHOD_MATCH = YES;
				"CODE_SIGN_IDENTITY[sdk=iphoneos*]" = "iPhone Developer";
				COPY_PHASE_STRIP = YES;
				GCC_C_LANGUAGE_STANDARD = gnu99;
				GCC_WARN_ABOUT_RETURN_TYPE = YES;
				GCC_WARN_UNINITIALIZED_AUTOS = YES;
				GCC_WARN_UNUSED_VARIABLE = YES;
				IPHONEOS_DEPLOYMENT_TARGET = 6.1;
				OTHER_CFLAGS = "-DNS_BLOCK_ASSERTIONS=1";
				SDKROOT = iphoneos;
				VALIDATE_PRODUCT = YES;
			};
			name = Release;
		};
		ABA9942D1727794000C5B6C4 /* Debug */ = {
			isa = XCBuildConfiguration;
			buildSettings = {
				GCC_PRECOMPILE_PREFIX_HEADER = YES;
				GCC_PREFIX_HEADER = "MapDemo/MapDemo-Prefix.pch";
				INFOPLIST_FILE = "MapDemo/MapDemo-Info.plist";
				IPHONEOS_DEPLOYMENT_TARGET = 6.1;
				PRODUCT_NAME = "$(TARGET_NAME)";
				TARGETED_DEVICE_FAMILY = 1;
				WRAPPER_EXTENSION = app;
			};
			name = Debug;
		};
		ABA9942E1727794000C5B6C4 /* Release */ = {
			isa = XCBuildConfiguration;
			buildSettings = {
				GCC_PRECOMPILE_PREFIX_HEADER = YES;
				GCC_PREFIX_HEADER = "MapDemo/MapDemo-Prefix.pch";
				INFOPLIST_FILE = "MapDemo/MapDemo-Info.plist";
				IPHONEOS_DEPLOYMENT_TARGET = 6.1;
				PRODUCT_NAME = "$(TARGET_NAME)";
				TARGETED_DEVICE_FAMILY = 1;
				WRAPPER_EXTENSION = app;
			};
			name = Release;
		};
/* End XCBuildConfiguration section */

/* Begin XCConfigurationList section */
		ABA9940A1727793F00C5B6C4 /* Build configuration list for PBXProject "MapDemo" */ = {
			isa = XCConfigurationList;
			buildConfigurations = (
				ABA9942A1727794000C5B6C4 /* Debug */,
				ABA9942B1727794000C5B6C4 /* Release */,
			);
			defaultConfigurationIsVisible = 0;
			defaultConfigurationName = Release;
		};
		ABA9942C1727794000C5B6C4 /* Build configuration list for PBXNativeTarget "MapDemo" */ = {
			isa = XCConfigurationList;
			buildConfigurations = (
				ABA9942D1727794000C5B6C4 /* Debug */,
				ABA9942E1727794000C5B6C4 /* Release */,
			);
			defaultConfigurationIsVisible = 0;
			defaultConfigurationName = Release;
		};
/* End XCConfigurationList section */
	};
	rootObject = ABA994071727793F00C5B6C4 /* Project object */;
}
